// !$*UTF8*$!
{
	archiveVersion = 1;
	classes = {
	};
	objectVersion = 46;
	objects = {

/* Begin PBXBuildFile section */
		C80664AA1E29680D00860419 /* main.m in Sources */ = {isa = PBXBuildFile; fileRef = C80664A91E29680D00860419 /* main.m */; };
		C80664B81E2977BB00860419 /* NSString+Pig_Latin.m in Sources */ = {isa = PBXBuildFile; fileRef = C80664B71E2977BB00860419 /* NSString+Pig_Latin.m */; };
/* End PBXBuildFile section */

/* Begin PBXCopyFilesBuildPhase section */
		C80664A41E29680D00860419 /* CopyFiles */ = {
			isa = PBXCopyFilesBuildPhase;
			buildActionMask = 2147483647;
			dstPath = /usr/share/man/man1/;
			dstSubfolderSpec = 0;
			files = (
			);
			runOnlyForDeploymentPostprocessing = 1;
		};
/* End PBXCopyFilesBuildPhase section */

/* Begin PBXFileReference section */
		C80664A61E29680D00860419 /* Pig-Latin */ = {isa = PBXFileReference; explicitFileType = "compiled.mach-o.executable"; includeInIndex = 0; path = "Pig-Latin"; sourceTree = BUILT_PRODUCTS_DIR; };
		C80664A91E29680D00860419 /* main.m */ = {isa = PBXFileReference; lastKnownFileType = sourcecode.c.objc; path = main.m; sourceTree = "<group>"; };
		C80664B61E2977BB00860419 /* NSString+Pig_Latin.h */ = {isa = PBXFileReference; fileEncoding = 4; lastKnownFileType = sourcecode.c.h; path = "NSString+Pig_Latin.h"; sourceTree = "<group>"; };
		C80664B71E2977BB00860419 /* NSString+Pig_Latin.m */ = {isa = PBXFileReference; fileEncoding = 4; lastKnownFileType = sourcecode.c.objc; path = "NSString+Pig_Latin.m"; sourceTree = "<group>"; };
/* End PBXFileReference section */

/* Begin PBXFrameworksBuildPhase section */
		C80664A31E29680D00860419 /* Frameworks */ = {
			isa = PBXFrameworksBuildPhase;
			buildActionMask = 2147483647;
			files = (
			);
			runOnlyForDeploymentPostprocessing = 0;
		};
/* End PBXFrameworksBuildPhase section */

/* Begin PBXGroup section */
		C806649D1E29680D00860419 = {
			isa = PBXGroup;
			children = (
				C80664A81E29680D00860419 /* Pig-Latin */,
				C80664A71E29680D00860419 /* Products */,
			);
			sourceTree = "<group>";
		};
		C80664A71E29680D00860419 /* Products */ = {
			isa = PBXGroup;
			children = (
				C80664A61E29680D00860419 /* Pig-Latin */,
			);
			name = Products;
			sourceTree = "<group>";
		};
		C80664A81E29680D00860419 /* Pig-Latin */ = {
			isa = PBXGroup;
			children = (
				C80664A91E29680D00860419 /* main.m */,
				C80664B61E2977BB00860419 /* NSString+Pig_Latin.h */,
				C80664B71E2977BB00860419 /* NSString+Pig_Latin.m */,
			);
			path = "Pig-Latin";
			sourceTree = "<group>";
		};
/* End PBXGroup section */

/* Begin PBXNativeTarget section */
		C80664A51E29680D00860419 /* Pig-Latin */ = {
			isa = PBXNativeTarget;
			buildConfigurationList = C80664AD1E29680D00860419 /* Build configuration list for PBXNativeTarget "Pig-Latin" */;
			buildPhases = (
				C80664A21E29680D00860419 /* Sources */,
				C80664A31E29680D00860419 /* Frameworks */,
				C80664A41E29680D00860419 /* CopyFiles */,
			);
			buildRules = (
			);
			dependencies = (
			);
			name = "Pig-Latin";
			productName = "Pig-Latin";
			productReference = C80664A61E29680D00860419 /* Pig-Latin */;
			productType = "com.apple.product-type.tool";
		};
/* End PBXNativeTarget section */

/* Begin PBXProject section */
		C806649E1E29680D00860419 /* Project object */ = {
			isa = PBXProject;
			attributes = {
				LastUpgradeCheck = 0820;
				ORGANIZATIONNAME = "Alex Bearinger";
				TargetAttributes = {
					C80664A51E29680D00860419 = {
						CreatedOnToolsVersion = 8.2.1;
						ProvisioningStyle = Automatic;
					};
				};
			};
			buildConfigurationList = C80664A11E29680D00860419 /* Build configuration list for PBXProject "Pig-Latin" */;
			compatibilityVersion = "Xcode 3.2";
			developmentRegion = English;
			hasScannedForEncodings = 0;
			knownRegions = (
				en,
			);
			mainGroup = C806649D1E29680D00860419;
			productRefGroup = C80664A71E29680D00860419 /* Products */;
			projectDirPath = "";
			projectRoot = "";
			targets = (
				C80664A51E29680D00860419 /* Pig-Latin */,
			);
		};
/* End PBXProject section */

/* Begin PBXSourcesBuildPhase section */
		C80664A21E29680D00860419 /* Sources */ = {
			isa = PBXSourcesBuildPhase;
			buildActionMask = 2147483647;
			files = (
				C80664AA1E29680D00860419 /* main.m in Sources */,
				C80664B81E2977BB00860419 /* NSString+Pig_Latin.m in Sources */,
			);
			runOnlyForDeploymentPostprocessing = 0;
		};
/* End PBXSourcesBuildPhase section */

/* Begin XCBuildConfiguration section */
		C80664AB1E29680D00860419 /* Debug */ = {
			isa = XCBuildConfiguration;
			buildSettings = {
				ALWAYS_SEARCH_USER_PATHS = NO;
				CLANG_ANALYZER_NONNULL = YES;
				CLANG_CXX_LANGUAGE_STANDARD = "gnu++0x";
				CLANG_CXX_LIBRARY = "libc++";
				CLANG_ENABLE_MODULES = YES;
				CLANG_ENABLE_OBJC_ARC = YES;
				CLANG_WARN_BOOL_CONVERSION = YES;
				CLANG_WARN_CONSTANT_CONVERSION = YES;
				CLANG_WARN_DIRECT_OBJC_ISA_USAGE = YES_ERROR;
				CLANG_WARN_DOCUMENTATION_COMMENTS = YES;
				CLANG_WARN_EMPTY_BODY = YES;
				CLANG_WARN_ENUM_CONVERSION = YES;
				CLANG_WARN_INFINITE_RECURSION = YES;
				CLANG_WARN_INT_CONVERSION = YES;
				CLANG_WARN_OBJC_ROOT_CLASS = YES_ERROR;
				CLANG_WARN_SUSPICIOUS_MOVE = YES;
				CLANG_WARN_UNREACHABLE_CODE = YES;
				CLANG_WARN__DUPLICATE_METHOD_MATCH = YES;
				CODE_SIGN_IDENTITY = "-";
				COPY_PHASE_STRIP = NO;
				DEBUG_INFORMATION_FORMAT = dwarf;
				ENABLE_STRICT_OBJC_MSGSEND = YES;
				ENABLE_TESTABILITY = YES;
				GCC_C_LANGUAGE_STANDARD = gnu99;
				GCC_DYNAMIC_NO_PIC = NO;
				GCC_NO_COMMON_BLOCKS = YES;
				GCC_OPTIMIZATION_LEVEL = 0;
				GCC_PREPROCESSOR_DEFINITIONS = (
					"DEBUG=1",
					"$(inherited)",
				);
				GCC_WARN_64_TO_32_BIT_CONVERSION = YES;
				GCC_WARN_ABOUT_RETURN_TYPE = YES_ERROR;
				GCC_WARN_UNDECLARED_SELECTOR = YES;
				GCC_WARN_UNINITIALIZED_AUTOS = YES_AGGRESSIVE;
				GCC_WARN_UNUSED_FUNCTION = YES;
				GCC_WARN_UNUSED_VARIABLE = YES;
				MACOSX_DEPLOYMENT_TARGET = 10.12;
				MTL_ENABLE_DEBUG_INFO = YES;
				ONLY_ACTIVE_ARCH = YES;
				SDKROOT = macosx;
			};
			name = Debug;
		};
		C80664AC1E29680D00860419 /* Release */ = {
			isa = XCBuildConfiguration;
			buildSettings = {
				ALWAYS_SEARCH_USER_PATHS = NO;
				CLANG_ANALYZER_NONNULL = YES;
				CLANG_CXX_LANGUAGE_STANDARD = "gnu++0x";
				CLANG_CXX_LIBRARY = "libc++";
				CLANG_ENABLE_MODULES = YES;
				CLANG_ENABLE_OBJC_ARC = YES;
				CLANG_WARN_BOOL_CONVERSION = YES;
				CLANG_WARN_CONSTANT_CONVERSION = YES;
				CLANG_WARN_DIRECT_OBJC_ISA_USAGE = YES_ERROR;
				CLANG_WARN_DOCUMENTATION_COMMENTS = YES;
				CLANG_WARN_EMPTY_BODY = YES;
				CLANG_WARN_ENUM_CONVERSION = YES;
				CLANG_WARN_INFINITE_RECURSION = YES;
				CLANG_WARN_INT_CONVERSION = YES;
				CLANG_WARN_OBJC_ROOT_CLASS = YES_ERROR;
				CLANG_WARN_SUSPICIOUS_MOVE = YES;
				CLANG_WARN_UNREACHABLE_CODE = YES;
				CLANG_WARN__DUPLICATE_METHOD_MATCH = YES;
				CODE_SIGN_IDENTITY = "-";
				COPY_PHASE_STRIP = NO;
				DEBUG_INFORMATION_FORMAT = "dwarf-with-dsym";
				ENABLE_NS_ASSERTIONS = NO;
				ENABLE_STRICT_OBJC_MSGSEND = YES;
				GCC_C_LANGUAGE_STANDARD = gnu99;
				GCC_NO_COMMON_BLOCKS = YES;
				GCC_WARN_64_TO_32_BIT_CONVERSION = YES;
				GCC_WARN_ABOUT_RETURN_TYPE = YES_ERROR;
				GCC_WARN_UNDECLARED_SELECTOR = YES;
				GCC_WARN_UNINITIALIZED_AUTOS = YES_AGGRESSIVE;
				GCC_WARN_UNUSED_FUNCTION = YES;
				GCC_WARN_UNUSED_VARIABLE = YES;
				MACOSX_DEPLOYMENT_TARGET = 10.12;
				MTL_ENABLE_DEBUG_INFO = NO;
				SDKROOT = macosx;
			};
			name = Release;
		};
		C80664AE1E29680D00860419 /* Debug */ = {
			isa = XCBuildConfiguration;
			buildSettings = {
				PRODUCT_NAME = "$(TARGET_NAME)";
			};
			name = Debug;
		};
		C80664AF1E29680D00860419 /* Release */ = {
			isa = XCBuildConfiguration;
			buildSettings = {
				PRODUCT_NAME = "$(TARGET_NAME)";
			};
			name = Release;
		};
/* End XCBuildConfiguration section */

/* Begin XCConfigurationList section */
		C80664A11E29680D00860419 /* Build configuration list for PBXProject "Pig-Latin" */ = {
			isa = XCConfigurationList;
			buildConfigurations = (
				C80664AB1E29680D00860419 /* Debug */,
				C80664AC1E29680D00860419 /* Release */,
			);
			defaultConfigurationIsVisible = 0;
			defaultConfigurationName = Release;
		};
		C80664AD1E29680D00860419 /* Build configuration list for PBXNativeTarget "Pig-Latin" */ = {
			isa = XCConfigurationList;
			buildConfigurations = (
				C80664AE1E29680D00860419 /* Debug */,
				C80664AF1E29680D00860419 /* Release */,
			);
			defaultConfigurationIsVisible = 0;
		};
/* End XCConfigurationList section */
	};
	rootObject = C806649E1E29680D00860419 /* Project object */;
}
